// !$*UTF8*$!
{
	archiveVersion = 1;
	classes = {
	};
	objectVersion = 46;
	objects = {

/* Begin PBXBuildFile section */
		CFF1B3A01F7089610099D693 /* AppDelegate.swift in Sources */ = {isa = PBXBuildFile; fileRef = CFF1B39F1F7089610099D693 /* AppDelegate.swift */; };
		CFF1B3A21F7089610099D693 /* ViewController.swift in Sources */ = {isa = PBXBuildFile; fileRef = CFF1B3A11F7089610099D693 /* ViewController.swift */; };
		CFF1B3A51F7089610099D693 /* Main.storyboard in Resources */ = {isa = PBXBuildFile; fileRef = CFF1B3A31F7089610099D693 /* Main.storyboard */; };
		CFF1B3A71F7089620099D693 /* Assets.xcassets in Resources */ = {isa = PBXBuildFile; fileRef = CFF1B3A61F7089620099D693 /* Assets.xcassets */; };
		CFF1B3AA1F7089620099D693 /* LaunchScreen.storyboard in Resources */ = {isa = PBXBuildFile; fileRef = CFF1B3A81F7089620099D693 /* LaunchScreen.storyboard */; };
/* End PBXBuildFile section */

/* Begin PBXFileReference section */
		CFF1B39C1F7089610099D693 /* Dices.app */ = {isa = PBXFileReference; explicitFileType = wrapper.application; includeInIndex = 0; path = Dices.app; sourceTree = BUILT_PRODUCTS_DIR; };
		CFF1B39F1F7089610099D693 /* AppDelegate.swift */ = {isa = PBXFileReference; lastKnownFileType = sourcecode.swift; path = AppDelegate.swift; sourceTree = "<group>"; };
		CFF1B3A11F7089610099D693 /* ViewController.swift */ = {isa = PBXFileReference; lastKnownFileType = sourcecode.swift; path = ViewController.swift; sourceTree = "<group>"; };
		CFF1B3A41F7089610099D693 /* Base */ = {isa = PBXFileReference; lastKnownFileType = file.storyboard; name = Base; path = Base.lproj/Main.storyboard; sourceTree = "<group>"; };
		CFF1B3A61F7089620099D693 /* Assets.xcassets */ = {isa = PBXFileReference; lastKnownFileType = folder.assetcatalog; path = Assets.xcassets; sourceTree = "<group>"; };
		CFF1B3A91F7089620099D693 /* Base */ = {isa = PBXFileReference; lastKnownFileType = file.storyboard; name = Base; path = Base.lproj/LaunchScreen.storyboard; sourceTree = "<group>"; };
		CFF1B3AB1F7089620099D693 /* Info.plist */ = {isa = PBXFileReference; lastKnownFileType = text.plist.xml; path = Info.plist; sourceTree = "<group>"; };
/* End PBXFileReference section */

/* Begin PBXFrameworksBuildPhase section */
		CFF1B3991F7089610099D693 /* Frameworks */ = {
			isa = PBXFrameworksBuildPhase;
			buildActionMask = 2147483647;
			files = (
			);
			runOnlyForDeploymentPostprocessing = 0;
		};
/* End PBXFrameworksBuildPhase section */

/* Begin PBXGroup section */
		CFF1B3931F7089610099D693 = {
			isa = PBXGroup;
			children = (
				CFF1B39E1F7089610099D693 /* Dices */,
				CFF1B39D1F7089610099D693 /* Products */,
			);
			sourceTree = "<group>";
		};
		CFF1B39D1F7089610099D693 /* Products */ = {
			isa = PBXGroup;
			children = (
				CFF1B39C1F7089610099D693 /* Dices.app */,
			);
			name = Products;
			sourceTree = "<group>";
		};
		CFF1B39E1F7089610099D693 /* Dices */ = {
			isa = PBXGroup;
			children = (
				CFF1B39F1F7089610099D693 /* AppDelegate.swift */,
				CFF1B3A11F7089610099D693 /* ViewController.swift */,
				CFF1B3A31F7089610099D693 /* Main.storyboard */,
				CFF1B3A61F7089620099D693 /* Assets.xcassets */,
				CFF1B3A81F7089620099D693 /* LaunchScreen.storyboard */,
				CFF1B3AB1F7089620099D693 /* Info.plist */,
			);
			path = Dices;
			sourceTree = "<group>";
		};
/* End PBXGroup section */

/* Begin PBXNativeTarget section */
		CFF1B39B1F7089610099D693 /* Dices */ = {
			isa = PBXNativeTarget;
			buildConfigurationList = CFF1B3AE1F7089620099D693 /* Build configuration list for PBXNativeTarget "Dices" */;
			buildPhases = (
				CFF1B3981F7089610099D693 /* Sources */,
				CFF1B3991F7089610099D693 /* Frameworks */,
				CFF1B39A1F7089610099D693 /* Resources */,
			);
			buildRules = (
			);
			dependencies = (
			);
			name = Dices;
			productName = Dices;
			productReference = CFF1B39C1F7089610099D693 /* Dices.app */;
			productType = "com.apple.product-type.application";
		};
/* End PBXNativeTarget section */

/* Begin PBXProject section */
		CFF1B3941F7089610099D693 /* Project object */ = {
			isa = PBXProject;
			attributes = {
				LastSwiftUpdateCheck = 0820;
				LastUpgradeCheck = 0820;
				ORGANIZATIONNAME = "Ana Raquel Campesan";
				TargetAttributes = {
					CFF1B39B1F7089610099D693 = {
						CreatedOnToolsVersion = 8.2.1;
						ProvisioningStyle = Automatic;
					};
				};
			};
			buildConfigurationList = CFF1B3971F7089610099D693 /* Build configuration list for PBXProject "Dices" */;
			compatibilityVersion = "Xcode 3.2";
			developmentRegion = English;
			hasScannedForEncodings = 0;
			knownRegions = (
				en,
				Base,
			);
			mainGroup = CFF1B3931F7089610099D693;
			productRefGroup = CFF1B39D1F7089610099D693 /* Products */;
			projectDirPath = "";
			projectRoot = "";
			targets = (
				CFF1B39B1F7089610099D693 /* Dices */,
			);
		};
/* End PBXProject section */

/* Begin PBXResourcesBuildPhase section */
		CFF1B39A1F7089610099D693 /* Resources */ = {
			isa = PBXResourcesBuildPhase;
			buildActionMask = 2147483647;
			files = (
				CFF1B3AA1F7089620099D693 /* LaunchScreen.storyboard in Resources */,
				CFF1B3A71F7089620099D693 /* Assets.xcassets in Resources */,
				CFF1B3A51F7089610099D693 /* Main.storyboard in Resources */,
			);
			runOnlyForDeploymentPostprocessing = 0;
		};
/* End PBXResourcesBuildPhase section */

/* Begin PBXSourcesBuildPhase section */
		CFF1B3981F7089610099D693 /* Sources */ = {
			isa = PBXSourcesBuildPhase;
			buildActionMask = 2147483647;
			files = (
				CFF1B3A21F7089610099D693 /* ViewController.swift in Sources */,
				CFF1B3A01F7089610099D693 /* AppDelegate.swift in Sources */,
			);
			runOnlyForDeploymentPostprocessing = 0;
		};
/* End PBXSourcesBuildPhase section */

/* Begin PBXVariantGroup section */
		CFF1B3A31F7089610099D693 /* Main.storyboard */ = {
			isa = PBXVariantGroup;
			children = (
				CFF1B3A41F7089610099D693 /* Base */,
			);
			name = Main.storyboard;
			sourceTree = "<group>";
		};
		CFF1B3A81F7089620099D693 /* LaunchScreen.storyboard */ = {
			isa = PBXVariantGroup;
			children = (
				CFF1B3A91F7089620099D693 /* Base */,
			);
			name = LaunchScreen.storyboard;
			sourceTree = "<group>";
		};
/* End PBXVariantGroup section */

/* Begin XCBuildConfiguration section */
		CFF1B3AC1F7089620099D693 /* Debug */ = {
			isa = XCBuildConfiguration;
			buildSettings = {
				ALWAYS_SEARCH_USER_PATHS = NO;
				CLANG_ANALYZER_NONNULL = YES;
				CLANG_CXX_LANGUAGE_STANDARD = "gnu++0x";
				CLANG_CXX_LIBRARY = "libc++";
				CLANG_ENABLE_MODULES = YES;
				CLANG_ENABLE_OBJC_ARC = YES;
				CLANG_WARN_BOOL_CONVERSION = YES;
				CLANG_WARN_CONSTANT_CONVERSION = YES;
				CLANG_WARN_DIRECT_OBJC_ISA_USAGE = YES_ERROR;
				CLANG_WARN_DOCUMENTATION_COMMENTS = YES;
				CLANG_WARN_EMPTY_BODY = YES;
				CLANG_WARN_ENUM_CONVERSION = YES;
				CLANG_WARN_INFINITE_RECURSION = YES;
				CLANG_WARN_INT_CONVERSION = YES;
				CLANG_WARN_OBJC_ROOT_CLASS = YES_ERROR;
				CLANG_WARN_SUSPICIOUS_MOVE = YES;
				CLANG_WARN_UNREACHABLE_CODE = YES;
				CLANG_WARN__DUPLICATE_METHOD_MATCH = YES;
				"CODE_SIGN_IDENTITY[sdk=iphoneos*]" = "iPhone Developer";
				COPY_PHASE_STRIP = NO;
				DEBUG_INFORMATION_FORMAT = dwarf;
				ENABLE_STRICT_OBJC_MSGSEND = YES;
				ENABLE_TESTABILITY = YES;
				GCC_C_LANGUAGE_STANDARD = gnu99;
				GCC_DYNAMIC_NO_PIC = NO;
				GCC_NO_COMMON_BLOCKS = YES;
				GCC_OPTIMIZATION_LEVEL = 0;
				GCC_PREPROCESSOR_DEFINITIONS = (
					"DEBUG=1",
					"$(inherited)",
				);
				GCC_WARN_64_TO_32_BIT_CONVERSION = YES;
				GCC_WARN_ABOUT_RETURN_TYPE = YES_ERROR;
				GCC_WARN_UNDECLARED_SELECTOR = YES;
				GCC_WARN_UNINITIALIZED_AUTOS = YES_AGGRESSIVE;
				GCC_WARN_UNUSED_FUNCTION = YES;
				GCC_WARN_UNUSED_VARIABLE = YES;
				IPHONEOS_DEPLOYMENT_TARGET = 10.2;
				MTL_ENABLE_DEBUG_INFO = YES;
				ONLY_ACTIVE_ARCH = YES;
				SDKROOT = iphoneos;
				SWIFT_ACTIVE_COMPILATION_CONDITIONS = DEBUG;
				SWIFT_OPTIMIZATION_LEVEL = "-Onone";
				TARGETED_DEVICE_FAMILY = "1,2";
			};
			name = Debug;
		};
		CFF1B3AD1F7089620099D693 /* Release */ = {
			isa = XCBuildConfiguration;
			buildSettings = {
				ALWAYS_SEARCH_USER_PATHS = NO;
				CLANG_ANALYZER_NONNULL = YES;
				CLANG_CXX_LANGUAGE_STANDARD = "gnu++0x";
				CLANG_CXX_LIBRARY = "libc++";
				CLANG_ENABLE_MODULES = YES;
				CLANG_ENABLE_OBJC_ARC = YES;
				CLANG_WARN_BOOL_CONVERSION = YES;
				CLANG_WARN_CONSTANT_CONVERSION = YES;
				CLANG_WARN_DIRECT_OBJC_ISA_USAGE = YES_ERROR;
				CLANG_WARN_DOCUMENTATION_COMMENTS = YES;
				CLANG_WARN_EMPTY_BODY = YES;
				CLANG_WARN_ENUM_CONVERSION = YES;
				CLANG_WARN_INFINITE_RECURSION = YES;
				CLANG_WARN_INT_CONVERSION = YES;
				CLANG_WARN_OBJC_ROOT_CLASS = YES_ERROR;
				CLANG_WARN_SUSPICIOUS_MOVE = YES;
				CLANG_WARN_UNREACHABLE_CODE = YES;
				CLANG_WARN__DUPLICATE_METHOD_MATCH = YES;
				"CODE_SIGN_IDENTITY[sdk=iphoneos*]" = "iPhone Developer";
				COPY_PHASE_STRIP = NO;
				DEBUG_INFORMATION_FORMAT = "dwarf-with-dsym";
				ENABLE_NS_ASSERTIONS = NO;
				ENABLE_STRICT_OBJC_MSGSEND = YES;
				GCC_C_LANGUAGE_STANDARD = gnu99;
				GCC_NO_COMMON_BLOCKS = YES;
				GCC_WARN_64_TO_32_BIT_CONVERSION = YES;
				GCC_WARN_ABOUT_RETURN_TYPE = YES_ERROR;
				GCC_WARN_UNDECLARED_SELECTOR = YES;
				GCC_WARN_UNINITIALIZED_AUTOS = YES_AGGRESSIVE;
				GCC_WARN_UNUSED_FUNCTION = YES;
				GCC_WARN_UNUSED_VARIABLE = YES;
				IPHONEOS_DEPLOYMENT_TARGET = 10.2;
				MTL_ENABLE_DEBUG_INFO = NO;
				SDKROOT = iphoneos;
				SWIFT_OPTIMIZATION_LEVEL = "-Owholemodule";
				TARGETED_DEVICE_FAMILY = "1,2";
				VALIDATE_PRODUCT = YES;
			};
			name = Release;
		};
		CFF1B3AF1F7089620099D693 /* Debug */ = {
			isa = XCBuildConfiguration;
			buildSettings = {
				ASSETCATALOG_COMPILER_APPICON_NAME = AppIcon;
				INFOPLIST_FILE = Dices/Info.plist;
				LD_RUNPATH_SEARCH_PATHS = "$(inherited) @executable_path/Frameworks";
				PRODUCT_BUNDLE_IDENTIFIER = anazard.Dices;
				PRODUCT_NAME = "$(TARGET_NAME)";
				SWIFT_VERSION = 3.0;
				TARGETED_DEVICE_FAMILY = 1;
			};
			name = Debug;
		};
		CFF1B3B01F7089620099D693 /* Release */ = {
			isa = XCBuildConfiguration;
			buildSettings = {
				ASSETCATALOG_COMPILER_APPICON_NAME = AppIcon;
				INFOPLIST_FILE = Dices/Info.plist;
				LD_RUNPATH_SEARCH_PATHS = "$(inherited) @executable_path/Frameworks";
				PRODUCT_BUNDLE_IDENTIFIER = anazard.Dices;
				PRODUCT_NAME = "$(TARGET_NAME)";
				SWIFT_VERSION = 3.0;
				TARGETED_DEVICE_FAMILY = 1;
			};
			name = Release;
		};
/* End XCBuildConfiguration section */

/* Begin XCConfigurationList section */
		CFF1B3971F7089610099D693 /* Build configuration list for PBXProject "Dices" */ = {
			isa = XCConfigurationList;
			buildConfigurations = (
				CFF1B3AC1F7089620099D693 /* Debug */,
				CFF1B3AD1F7089620099D693 /* Release */,
			);
			defaultConfigurationIsVisible = 0;
			defaultConfigurationName = Release;
		};
		CFF1B3AE1F7089620099D693 /* Build configuration list for PBXNativeTarget "Dices" */ = {
			isa = XCConfigurationList;
			buildConfigurations = (
				CFF1B3AF1F7089620099D693 /* Debug */,
				CFF1B3B01F7089620099D693 /* Release */,
			);
			defaultConfigurationIsVisible = 0;
			defaultConfigurationName = Release;
		};
/* End XCConfigurationList section */
	};
	rootObject = CFF1B3941F7089610099D693 /* Project object */;
}
